github.com/aaronland/go-pagination v0.2.0 h1:ZZ8mNu5oEK5wanAjbYAaE3w5eyQKzFOWu/gsloW1vdw=
github.com/aaronland/go-pagination v0.2.0/go.mod h1:zrYVkUTBoe6yJ23l6OyTyfSpTyg6s/cNxZxNztXNQpQ=
github.com/aaronland/go-roster v1.0.0 h1:FRDGrTqsYySKjWnAhbBGXyeGlI/o5/t9FZYCbUmyQtI=
github.com/aaronland/go-roster v1.0.0/go.mod h1:KIsYZgrJlAsyb9LsXSCvlqvbcCBVjCSqcQiZx42i9ro=
github.com/dominikbraun/graph v0.16.1 h1:ZtzDQFo32vxwSUsK4ioX8bfE45xoh8hQfavFMlKpaC8=
github.com/dominikbraun/graph v0.16.1/go.mod h1:yOjYyogZLY1LSG9E33JWZJiq5k83Qy2C6POAuiViluc=
github.com/jtacoma/uritemplates v1.0.0 h1:xwx5sBF7pPAb0Uj8lDC1Q/aBPpOFyQza7OC705ZlLCo=
github.com/jtacoma/uritemplates v1.0.0/go.mod h1:IhIICdE9OcvgUnGwTtJxgBQ+VrTrti5PcbLVSJianO8=
github.com/sfomuseum/go-flags v0.10.0 h1:1OC1ACxpWMsl3XQ9OeNVMQj7Zi2CzufP3Rym3mPI8HU=
github.com/sfomuseum/go-flags v0.10.0/go.mod h1:VXOnnX1/yxQpX2yiwHaBV6aCmhtszQOL5bL1/nNo3co=
github.com/whosonfirst/go-whosonfirst-placetypes v0.7.0 h1:hm1dySC23ZZYHDleAE201+s5HTUtgle38JlKzfVZVHA=
github.com/whosonfirst/go-whosonfirst-placetypes v0.7.0/go.mod h1:d7S4er4OFfFsgzMOnHH8mX8q+iPhXWB+merbrMDx/rk=
